
Microsoft Visual Studio Solution File, Format Version 12.00
# Visual Studio 15
VisualStudioVersion = 15.0.28307.902
MinimumVisualStudioVersion = 10.0.40219.1
Project("{FAE04EC0-301F-11D3-BF4B-00C04F79EFBC}") = "Abstract factory", "Abstract factory\Abstract factory.csproj", "{F2144E26-E5B1-42D4-B671-EE309865A9EB}"
EndProject
Project("{FAE04EC0-301F-11D3-BF4B-00C04F79EFBC}") = "Singleton", "Singleton\Singleton.csproj", "{ACD70F57-A246-47F4-B7EC-B59462D74F3A}"
EndProject
Project("{FAE04EC0-301F-11D3-BF4B-00C04F79EFBC}") = "Builder", "Builder\Builder.csproj", "{893304D1-0612-4E2B-A389-212A5FF670A7}"
EndProject
Project("{FAE04EC0-301F-11D3-BF4B-00C04F79EFBC}") = "Composite", "Composite\Composite.csproj", "{1B81B60E-8C85-4AF6-8C19-2F78B853B45E}"
EndProject
Global
	GlobalSection(SolutionConfigurationPlatforms) = preSolution
		Debug|Any CPU = Debug|Any CPU
		Release|Any CPU = Release|Any CPU
	EndGlobalSection
	GlobalSection(ProjectConfigurationPlatforms) = postSolution
		{F2144E26-E5B1-42D4-B671-EE309865A9EB}.Debug|Any CPU.ActiveCfg = Debug|Any CPU
		{F2144E26-E5B1-42D4-B671-EE309865A9EB}.Debug|Any CPU.Build.0 = Debug|Any CPU
		{F2144E26-E5B1-42D4-B671-EE309865A9EB}.Release|Any CPU.ActiveCfg = Release|Any CPU
		{F2144E26-E5B1-42D4-B671-EE309865A9EB}.Release|Any CPU.Build.0 = Release|Any CPU
		{ACD70F57-A246-47F4-B7EC-B59462D74F3A}.Debug|Any CPU.ActiveCfg = Debug|Any CPU
		{ACD70F57-A246-47F4-B7EC-B59462D74F3A}.Debug|Any CPU.Build.0 = Debug|Any CPU
		{ACD70F57-A246-47F4-B7EC-B59462D74F3A}.Release|Any CPU.ActiveCfg = Release|Any CPU
		{ACD70F57-A246-47F4-B7EC-B59462D74F3A}.Release|Any CPU.Build.0 = Release|Any CPU
		{893304D1-0612-4E2B-A389-212A5FF670A7}.Debug|Any CPU.ActiveCfg = Debug|Any CPU
		{893304D1-0612-4E2B-A389-212A5FF670A7}.Debug|Any CPU.Build.0 = Debug|Any CPU
		{893304D1-0612-4E2B-A389-212A5FF670A7}.Release|Any CPU.ActiveCfg = Release|Any CPU
		{893304D1-0612-4E2B-A389-212A5FF670A7}.Release|Any CPU.Build.0 = Release|Any CPU
		{1B81B60E-8C85-4AF6-8C19-2F78B853B45E}.Debug|Any CPU.ActiveCfg = Debug|Any CPU
		{1B81B60E-8C85-4AF6-8C19-2F78B853B45E}.Debug|Any CPU.Build.0 = Debug|Any CPU
		{1B81B60E-8C85-4AF6-8C19-2F78B853B45E}.Release|Any CPU.ActiveCfg = Release|Any CPU
		{1B81B60E-8C85-4AF6-8C19-2F78B853B45E}.Release|Any CPU.Build.0 = Release|Any CPU
	EndGlobalSection
	GlobalSection(SolutionProperties) = preSolution
		HideSolutionNode = FALSE
	EndGlobalSection
	GlobalSection(ExtensibilityGlobals) = postSolution
		SolutionGuid = {AC52429F-B9F5-4ACD-BDA9-BEF8EE6105B5}
	EndGlobalSection
EndGlobal
